
Microsoft Visual Studio Solution File, Format Version 12.00
# Visual Studio 15
VisualStudioVersion = 15.0.26124.0
MinimumVisualStudioVersion = 15.0.26124.0
Project("{2150E333-8FDC-42A3-9474-1A3956D46DE8}") = "src", "src", "{E7821AB5-6CA2-43E3-AFDD-64A3BD73D5CE}"
EndProject
Project("{2150E333-8FDC-42A3-9474-1A3956D46DE8}") = "Services", "Services", "{8C264117-D165-4D5E-B3AB-DE0BCE078378}"
EndProject
Project("{FAE04EC0-301F-11D3-BF4B-00C04F79EFBC}") = "User", "src\Services\User\User.csproj", "{2C9CE2A3-49AB-4B4B-B340-F377349F20F0}"
EndProject
Project("{2150E333-8FDC-42A3-9474-1A3956D46DE8}") = "test", "test", "{BEBA8AEE-2ED3-4299-AB02-2F7E684AF7C0}"
EndProject
Project("{2150E333-8FDC-42A3-9474-1A3956D46DE8}") = "Services", "Services", "{B0B2DE84-B759-4D4B-9905-005D75442B57}"
EndProject
Project("{FAE04EC0-301F-11D3-BF4B-00C04F79EFBC}") = "UserTest", "test\Services\UserTest\UserTest.csproj", "{065B7F35-3621-4892-9954-5D3814464760}"
EndProject
Project("{FAE04EC0-301F-11D3-BF4B-00C04F79EFBC}") = "Activities", "src\Services\Activities\Activities.csproj", "{241B9172-CB35-4D52-9834-85EB7D8BA5FF}"
EndProject
Project("{FAE04EC0-301F-11D3-BF4B-00C04F79EFBC}") = "ActivitiesTest", "test\Services\ActivitiesTest\ActivitiesTest.csproj", "{3AE10587-3B92-4864-A938-320E5BE27AC8}"
EndProject
Global
	GlobalSection(SolutionConfigurationPlatforms) = preSolution
		Debug|Any CPU = Debug|Any CPU
		Debug|x64 = Debug|x64
		Debug|x86 = Debug|x86
		Release|Any CPU = Release|Any CPU
		Release|x64 = Release|x64
		Release|x86 = Release|x86
	EndGlobalSection
	GlobalSection(SolutionProperties) = preSolution
		HideSolutionNode = FALSE
	EndGlobalSection
	GlobalSection(ProjectConfigurationPlatforms) = postSolution
		{2C9CE2A3-49AB-4B4B-B340-F377349F20F0}.Debug|Any CPU.ActiveCfg = Debug|Any CPU
		{2C9CE2A3-49AB-4B4B-B340-F377349F20F0}.Debug|Any CPU.Build.0 = Debug|Any CPU
		{2C9CE2A3-49AB-4B4B-B340-F377349F20F0}.Debug|x64.ActiveCfg = Debug|Any CPU
		{2C9CE2A3-49AB-4B4B-B340-F377349F20F0}.Debug|x64.Build.0 = Debug|Any CPU
		{2C9CE2A3-49AB-4B4B-B340-F377349F20F0}.Debug|x86.ActiveCfg = Debug|Any CPU
		{2C9CE2A3-49AB-4B4B-B340-F377349F20F0}.Debug|x86.Build.0 = Debug|Any CPU
		{2C9CE2A3-49AB-4B4B-B340-F377349F20F0}.Release|Any CPU.ActiveCfg = Release|Any CPU
		{2C9CE2A3-49AB-4B4B-B340-F377349F20F0}.Release|Any CPU.Build.0 = Release|Any CPU
		{2C9CE2A3-49AB-4B4B-B340-F377349F20F0}.Release|x64.ActiveCfg = Release|Any CPU
		{2C9CE2A3-49AB-4B4B-B340-F377349F20F0}.Release|x64.Build.0 = Release|Any CPU
		{2C9CE2A3-49AB-4B4B-B340-F377349F20F0}.Release|x86.ActiveCfg = Release|Any CPU
		{2C9CE2A3-49AB-4B4B-B340-F377349F20F0}.Release|x86.Build.0 = Release|Any CPU
		{065B7F35-3621-4892-9954-5D3814464760}.Debug|Any CPU.ActiveCfg = Debug|Any CPU
		{065B7F35-3621-4892-9954-5D3814464760}.Debug|Any CPU.Build.0 = Debug|Any CPU
		{065B7F35-3621-4892-9954-5D3814464760}.Debug|x64.ActiveCfg = Debug|Any CPU
		{065B7F35-3621-4892-9954-5D3814464760}.Debug|x64.Build.0 = Debug|Any CPU
		{065B7F35-3621-4892-9954-5D3814464760}.Debug|x86.ActiveCfg = Debug|Any CPU
		{065B7F35-3621-4892-9954-5D3814464760}.Debug|x86.Build.0 = Debug|Any CPU
		{065B7F35-3621-4892-9954-5D3814464760}.Release|Any CPU.ActiveCfg = Release|Any CPU
		{065B7F35-3621-4892-9954-5D3814464760}.Release|Any CPU.Build.0 = Release|Any CPU
		{065B7F35-3621-4892-9954-5D3814464760}.Release|x64.ActiveCfg = Release|Any CPU
		{065B7F35-3621-4892-9954-5D3814464760}.Release|x64.Build.0 = Release|Any CPU
		{065B7F35-3621-4892-9954-5D3814464760}.Release|x86.ActiveCfg = Release|Any CPU
		{065B7F35-3621-4892-9954-5D3814464760}.Release|x86.Build.0 = Release|Any CPU
		{241B9172-CB35-4D52-9834-85EB7D8BA5FF}.Debug|Any CPU.ActiveCfg = Debug|Any CPU
		{241B9172-CB35-4D52-9834-85EB7D8BA5FF}.Debug|Any CPU.Build.0 = Debug|Any CPU
		{241B9172-CB35-4D52-9834-85EB7D8BA5FF}.Debug|x64.ActiveCfg = Debug|Any CPU
		{241B9172-CB35-4D52-9834-85EB7D8BA5FF}.Debug|x64.Build.0 = Debug|Any CPU
		{241B9172-CB35-4D52-9834-85EB7D8BA5FF}.Debug|x86.ActiveCfg = Debug|Any CPU
		{241B9172-CB35-4D52-9834-85EB7D8BA5FF}.Debug|x86.Build.0 = Debug|Any CPU
		{241B9172-CB35-4D52-9834-85EB7D8BA5FF}.Release|Any CPU.ActiveCfg = Release|Any CPU
		{241B9172-CB35-4D52-9834-85EB7D8BA5FF}.Release|Any CPU.Build.0 = Release|Any CPU
		{241B9172-CB35-4D52-9834-85EB7D8BA5FF}.Release|x64.ActiveCfg = Release|Any CPU
		{241B9172-CB35-4D52-9834-85EB7D8BA5FF}.Release|x64.Build.0 = Release|Any CPU
		{241B9172-CB35-4D52-9834-85EB7D8BA5FF}.Release|x86.ActiveCfg = Release|Any CPU
		{241B9172-CB35-4D52-9834-85EB7D8BA5FF}.Release|x86.Build.0 = Release|Any CPU
		{3AE10587-3B92-4864-A938-320E5BE27AC8}.Debug|Any CPU.ActiveCfg = Debug|Any CPU
		{3AE10587-3B92-4864-A938-320E5BE27AC8}.Debug|Any CPU.Build.0 = Debug|Any CPU
		{3AE10587-3B92-4864-A938-320E5BE27AC8}.Debug|x64.ActiveCfg = Debug|Any CPU
		{3AE10587-3B92-4864-A938-320E5BE27AC8}.Debug|x64.Build.0 = Debug|Any CPU
		{3AE10587-3B92-4864-A938-320E5BE27AC8}.Debug|x86.ActiveCfg = Debug|Any CPU
		{3AE10587-3B92-4864-A938-320E5BE27AC8}.Debug|x86.Build.0 = Debug|Any CPU
		{3AE10587-3B92-4864-A938-320E5BE27AC8}.Release|Any CPU.ActiveCfg = Release|Any CPU
		{3AE10587-3B92-4864-A938-320E5BE27AC8}.Release|Any CPU.Build.0 = Release|Any CPU
		{3AE10587-3B92-4864-A938-320E5BE27AC8}.Release|x64.ActiveCfg = Release|Any CPU
		{3AE10587-3B92-4864-A938-320E5BE27AC8}.Release|x64.Build.0 = Release|Any CPU
		{3AE10587-3B92-4864-A938-320E5BE27AC8}.Release|x86.ActiveCfg = Release|Any CPU
		{3AE10587-3B92-4864-A938-320E5BE27AC8}.Release|x86.Build.0 = Release|Any CPU
	EndGlobalSection
	GlobalSection(NestedProjects) = preSolution
		{8C264117-D165-4D5E-B3AB-DE0BCE078378} = {E7821AB5-6CA2-43E3-AFDD-64A3BD73D5CE}
		{2C9CE2A3-49AB-4B4B-B340-F377349F20F0} = {8C264117-D165-4D5E-B3AB-DE0BCE078378}
		{B0B2DE84-B759-4D4B-9905-005D75442B57} = {BEBA8AEE-2ED3-4299-AB02-2F7E684AF7C0}
		{065B7F35-3621-4892-9954-5D3814464760} = {B0B2DE84-B759-4D4B-9905-005D75442B57}
		{241B9172-CB35-4D52-9834-85EB7D8BA5FF} = {8C264117-D165-4D5E-B3AB-DE0BCE078378}
		{3AE10587-3B92-4864-A938-320E5BE27AC8} = {B0B2DE84-B759-4D4B-9905-005D75442B57}
	EndGlobalSection
EndGlobal
